
Microsoft Visual Studio Solution File, Format Version 12.00
# Visual Studio Version 16
VisualStudioVersion = 16.0.30611.23
MinimumVisualStudioVersion = 10.0.40219.1
Project("{FAE04EC0-301F-11D3-BF4B-00C04F79EFBC}") = "ServiceCenterAccounting", "ServiceCenterAccounting\ServiceCenterAccounting.csproj", "{EEC4AEFC-02BD-46E8-A81C-3008C229B9E7}"
EndProject
Global
	GlobalSection(SolutionConfigurationPlatforms) = preSolution
		Debug|Any CPU = Debug|Any CPU
		Release|Any CPU = Release|Any CPU
	EndGlobalSection
	GlobalSection(ProjectConfigurationPlatforms) = postSolution
		{EEC4AEFC-02BD-46E8-A81C-3008C229B9E7}.Debug|Any CPU.ActiveCfg = Debug|Any CPU
		{EEC4AEFC-02BD-46E8-A81C-3008C229B9E7}.Debug|Any CPU.Build.0 = Debug|Any CPU
		{EEC4AEFC-02BD-46E8-A81C-3008C229B9E7}.Release|Any CPU.ActiveCfg = Release|Any CPU
		{EEC4AEFC-02BD-46E8-A81C-3008C229B9E7}.Release|Any CPU.Build.0 = Release|Any CPU
	EndGlobalSection
	GlobalSection(SolutionProperties) = preSolution
		HideSolutionNode = FALSE
	EndGlobalSection
	GlobalSection(ExtensibilityGlobals) = postSolution
		SolutionGuid = {69BB70CC-61B8-4FAE-81ED-AD22D9243AA7}
	EndGlobalSection
EndGlobal
